#MicroXplorer Configuration settings - do not modify
CAD.formats=
CAD.pinconfig=
CAD.provider=
File.Version=6
GPIO.groupedBy=Group By Peripherals
KeepUserPlacement=false
Mcu.CPN=STM32F401VET6
Mcu.Family=STM32F4
Mcu.IP0=CRC
Mcu.IP1=NVIC
Mcu.IP2=RCC
Mcu.IP3=SPI1
Mcu.IP4=SYS
Mcu.IP5=USART2
Mcu.IPNb=6
Mcu.Name=STM32F401V(D-E)Tx
Mcu.Package=LQFP100
Mcu.Pin0=PA0-WKUP
Mcu.Pin1=PA2
Mcu.Pin10=VP_CRC_VS_CRC
Mcu.Pin11=VP_SYS_VS_Systick
Mcu.Pin12=VP_STMicroelectronics.X-CUBE-AI_VS_ArtificialOoIntelligenceJjXAaCUBEAaAI_10.0.0
Mcu.Pin2=PA3
Mcu.Pin3=PA4
Mcu.Pin4=PA5
Mcu.Pin5=PA6
Mcu.Pin6=PA7
Mcu.Pin7=PA8
Mcu.Pin8=PA13
Mcu.Pin9=PA14
Mcu.PinsNb=13
Mcu.ThirdParty0=STMicroelectronics.X-CUBE-AI.10.0.0
Mcu.ThirdPartyNb=1
Mcu.UserConstants=
Mcu.UserName=STM32F401VETx
MxCube.Version=6.15.0
MxDb.Version=DB.6.0.150
NVIC.BusFault_IRQn=true\:0\:0\:false\:false\:true\:false\:false\:false
NVIC.DebugMonitor_IRQn=true\:0\:0\:false\:false\:true\:false\:false\:false
NVIC.EXTI0_IRQn=true\:0\:0\:false\:false\:true\:true\:true\:true
NVIC.ForceEnableDMAVector=true
NVIC.HardFault_IRQn=true\:0\:0\:false\:false\:true\:false\:false\:false
NVIC.MemoryManagement_IRQn=true\:0\:0\:false\:false\:true\:false\:false\:false
NVIC.NonMaskableInt_IRQn=true\:0\:0\:false\:false\:true\:false\:false\:false
NVIC.PendSV_IRQn=true\:0\:0\:false\:false\:true\:false\:false\:false
NVIC.PriorityGroup=NVIC_PRIORITYGROUP_4
NVIC.SVCall_IRQn=true\:0\:0\:false\:false\:true\:false\:false\:false
NVIC.SysTick_IRQn=true\:15\:0\:false\:false\:true\:false\:true\:false
NVIC.USART2_IRQn=true\:0\:0\:false\:false\:true\:true\:true\:true
NVIC.UsageFault_IRQn=true\:0\:0\:false\:false\:true\:false\:false\:false
PA0-WKUP.GPIOParameters=GPIO_PuPd,GPIO_Label,GPIO_ModeDefaultEXTI
PA0-WKUP.GPIO_Label=B1_Pin
PA0-WKUP.GPIO_ModeDefaultEXTI=GPIO_MODE_IT_FALLING
PA0-WKUP.GPIO_PuPd=GPIO_PULLUP
PA0-WKUP.Locked=true
PA0-WKUP.Signal=GPXTI0
PA13.Locked=true
PA13.Mode=Serial_Wire
PA13.Signal=SYS_JTMS-SWDIO
PA14.Locked=true
PA14.Mode=Serial_Wire
PA14.Signal=SYS_JTCK-SWCLK
PA2.Mode=Asynchronous
PA2.Signal=USART2_TX
PA3.Mode=Asynchronous
PA3.Signal=USART2_RX
PA4.GPIOParameters=PinState,GPIO_Label
PA4.GPIO_Label=OLED_CS
PA4.Locked=true
PA4.PinState=GPIO_PIN_SET
PA4.Signal=GPIO_Output
PA5.Mode=TX_Only_Simplex_Unidirect_Master
PA5.Signal=SPI1_SCK
PA6.GPIOParameters=PinState,GPIO_Label
PA6.GPIO_Label=OLED_DC
PA6.Locked=true
PA6.PinState=GPIO_PIN_SET
PA6.Signal=GPIO_Output
PA7.Mode=TX_Only_Simplex_Unidirect_Master
PA7.Signal=SPI1_MOSI
PA8.GPIOParameters=PinState,GPIO_Label
PA8.GPIO_Label=OLED_RST
PA8.Locked=true
PA8.PinState=GPIO_PIN_SET
PA8.Signal=GPIO_Output
PinOutPanel.RotationAngle=0
ProjectManager.AskForMigrate=true
ProjectManager.BackupPrevious=false
ProjectManager.CompilerLinker=GCC
ProjectManager.CompilerOptimize=6
ProjectManager.ComputerToolchain=false
ProjectManager.CoupleFile=true
ProjectManager.CustomerFirmwarePackage=C\:\\Users\\ayson\\STM32Cube\\Repository\\STM32Cube_FW_F4_V1.27.0
ProjectManager.DefaultFWLocation=false
ProjectManager.DeletePrevious=true
ProjectManager.DeviceId=STM32F401VETx
ProjectManager.FirmwarePackage=STM32Cube FW_F4 V1.28.2
ProjectManager.FreePins=false
ProjectManager.HalAssertFull=false
ProjectManager.HeapSize=0x4000
ProjectManager.KeepUserCode=true
ProjectManager.LastFirmware=false
ProjectManager.LibraryCopy=1
ProjectManager.MainLocation=Core/Src
ProjectManager.NoMain=false
ProjectManager.PreviousToolchain=
ProjectManager.ProjectBuild=false
ProjectManager.ProjectFileName=TinyML_OD_F4.ioc
ProjectManager.ProjectName=TinyML_OD_F4
ProjectManager.ProjectStructure=
ProjectManager.RegisterCallBack=
ProjectManager.StackSize=0x2000
ProjectManager.TargetToolchain=MDK-ARM V5.32
ProjectManager.ToolChainLocation=
ProjectManager.UAScriptAfterPath=
ProjectManager.UAScriptBeforePath=
ProjectManager.UnderRoot=false
ProjectManager.functionlistsort=1-SystemClock_Config-RCC-false-HAL-false,2-MX_GPIO_Init-GPIO-false-HAL-true,3-MX_USART2_UART_Init-USART2-false-HAL-true,4-MX_CRC_Init-CRC-false-HAL-true
RCC.48MHZClocksFreq_Value=32000000
RCC.AHBFreq_Value=16000000
RCC.APB1Freq_Value=16000000
RCC.APB1TimFreq_Value=16000000
RCC.APB2Freq_Value=16000000
RCC.APB2TimFreq_Value=16000000
RCC.CortexFreq_Value=16000000
RCC.FCLKCortexFreq_Value=16000000
RCC.HCLKFreq_Value=16000000
RCC.HSE_VALUE=25000000
RCC.HSI_VALUE=16000000
RCC.I2SClocksFreq_Value=192000000
RCC.IPParameters=48MHZClocksFreq_Value,AHBFreq_Value,APB1Freq_Value,APB1TimFreq_Value,APB2Freq_Value,APB2TimFreq_Value,CortexFreq_Value,FCLKCortexFreq_Value,HCLKFreq_Value,HSE_VALUE,HSI_VALUE,I2SClocksFreq_Value,LSE_VALUE,LSI_VALUE,MCO2PinFreq_Value,PLLCLKFreq_Value,PLLM,PLLN,PLLQCLKFreq_Value,RTCFreq_Value,RTCHSEDivFreq_Value,SYSCLKFreq_VALUE,VCOI2SOutputFreq_Value,VCOInputFreq_Value,VCOOutputFreq_Value,VcooutputI2S
RCC.LSE_VALUE=32768
RCC.LSI_VALUE=32000
RCC.MCO2PinFreq_Value=16000000
RCC.PLLCLKFreq_Value=64000000
RCC.PLLM=8
RCC.PLLN=64
RCC.PLLQCLKFreq_Value=32000000
RCC.RTCFreq_Value=32000
RCC.RTCHSEDivFreq_Value=12500000
RCC.SYSCLKFreq_VALUE=16000000
RCC.VCOI2SOutputFreq_Value=384000000
RCC.VCOInputFreq_Value=2000000
RCC.VCOOutputFreq_Value=128000000
RCC.VcooutputI2S=192000000
SH.GPXTI0.0=GPIO_EXTI0
SH.GPXTI0.ConfNb=1
SPI1.Direction=SPI_DIRECTION_2LINES
SPI1.IPParameters=VirtualType,Mode,Direction
SPI1.Mode=SPI_MODE_MASTER
SPI1.VirtualType=VM_MASTER
STMicroelectronics.X-CUBE-AI.10.0.0.ActivationBufferSizeList=45016
STMicroelectronics.X-CUBE-AI.10.0.0.ActivationBuffers=pool0
STMicroelectronics.X-CUBE-AI.10.0.0.ActivationNames=pool0
STMicroelectronics.X-CUBE-AI.10.0.0.ActivationSizes=AI_OB_MODEL_DATA_ACTIVATION_1_SIZE
STMicroelectronics.X-CUBE-AI.10.0.0.ArtificialOoIntelligenceJjXAaCUBEAaAI_Checked=true
STMicroelectronics.X-CUBE-AI.10.0.0.HeapSize=0x4000
STMicroelectronics.X-CUBE-AI.10.0.0.IPParameters=HeapSize,StackSize,ModelName-fb2fbbf6d10c69e260894ae3618b915720636bb1a9a1eeecbf556834b52556cf,ModelKind-fb2fbbf6d10c69e260894ae3618b915720636bb1a9a1eeecbf556834b52556cf,ModelCompression-fb2fbbf6d10c69e260894ae3618b915720636bb1a9a1eeecbf556834b52556cf,ModelHashList,ModelNameList,WorkingBufferStartAddrList,LatestDirectoryUsed-fb2fbbf6d10c69e260894ae3618b915720636bb1a9a1eeecbf556834b52556cf,ModelStructureFile-fb2fbbf6d10c69e260894ae3618b915720636bb1a9a1eeecbf556834b52556cf,ModelMacc-fb2fbbf6d10c69e260894ae3618b915720636bb1a9a1eeecbf556834b52556cf,ModelActualCompression-fb2fbbf6d10c69e260894ae3618b915720636bb1a9a1eeecbf556834b52556cf,ModelRamOccupation-fb2fbbf6d10c69e260894ae3618b915720636bb1a9a1eeecbf556834b52556cf,ModelFlashOccupation-fb2fbbf6d10c69e260894ae3618b915720636bb1a9a1eeecbf556834b52556cf,ModelType-fb2fbbf6d10c69e260894ae3618b915720636bb1a9a1eeecbf556834b52556cf,copyWeightToRam-fb2fbbf6d10c69e260894ae3618b915720636bb1a9a1eeecbf556834b52556cf,useInputAllocation-fb2fbbf6d10c69e260894ae3618b915720636bb1a9a1eeecbf556834b52556cf,useOutputAllocation-fb2fbbf6d10c69e260894ae3618b915720636bb1a9a1eeecbf556834b52556cf,customLayerConfigEnabled-fb2fbbf6d10c69e260894ae3618b915720636bb1a9a1eeecbf556834b52556cf,optimization-fb2fbbf6d10c69e260894ae3618b915720636bb1a9a1eeecbf556834b52556cf,noOnnxIoTranspose-fb2fbbf6d10c69e260894ae3618b915720636bb1a9a1eeecbf556834b52556cf,ActivationBuffers,ActivationSizes,ActivationNames,InternalRamActivationBufferMaxSize,ActivationBufferSizeList,MaximumNumberOfInputLayer,MaximumNumberOfOutputLayer,MaximumSizeOfInputLayer,MaximumSizeOfOutputLayer,ReadyForCodeGeneration,XAaCUBEAaAICcArtificialOoIntelligenceJjCore
STMicroelectronics.X-CUBE-AI.10.0.0.InternalRamActivationBufferMaxSize=AI_OB_MODEL_DATA_ACTIVATIONS_SIZE
STMicroelectronics.X-CUBE-AI.10.0.0.LatestDirectoryUsed-fb2fbbf6d10c69e260894ae3618b915720636bb1a9a1eeecbf556834b52556cf=D\:\\CreateProject\\TinyML_Obstacle Detection\\Ai_Model
STMicroelectronics.X-CUBE-AI.10.0.0.MaximumNumberOfInputLayer=1
STMicroelectronics.X-CUBE-AI.10.0.0.MaximumNumberOfOutputLayer=1
STMicroelectronics.X-CUBE-AI.10.0.0.MaximumSizeOfInputLayer=1
STMicroelectronics.X-CUBE-AI.10.0.0.MaximumSizeOfOutputLayer=1
STMicroelectronics.X-CUBE-AI.10.0.0.ModelActualCompression-fb2fbbf6d10c69e260894ae3618b915720636bb1a9a1eeecbf556834b52556cf=0.0
STMicroelectronics.X-CUBE-AI.10.0.0.ModelCompression-fb2fbbf6d10c69e260894ae3618b915720636bb1a9a1eeecbf556834b52556cf=High
STMicroelectronics.X-CUBE-AI.10.0.0.ModelFlashOccupation-fb2fbbf6d10c69e260894ae3618b915720636bb1a9a1eeecbf556834b52556cf=23744
STMicroelectronics.X-CUBE-AI.10.0.0.ModelHashList=fb2fbbf6d10c69e260894ae3618b915720636bb1a9a1eeecbf556834b52556cf
STMicroelectronics.X-CUBE-AI.10.0.0.ModelKind-fb2fbbf6d10c69e260894ae3618b915720636bb1a9a1eeecbf556834b52556cf=ONNX
STMicroelectronics.X-CUBE-AI.10.0.0.ModelMacc-fb2fbbf6d10c69e260894ae3618b915720636bb1a9a1eeecbf556834b52556cf=296155
STMicroelectronics.X-CUBE-AI.10.0.0.ModelName-fb2fbbf6d10c69e260894ae3618b915720636bb1a9a1eeecbf556834b52556cf=ob_model
STMicroelectronics.X-CUBE-AI.10.0.0.ModelNameList=ob_model
STMicroelectronics.X-CUBE-AI.10.0.0.ModelRamOccupation-fb2fbbf6d10c69e260894ae3618b915720636bb1a9a1eeecbf556834b52556cf=45016
STMicroelectronics.X-CUBE-AI.10.0.0.ModelStructureFile-fb2fbbf6d10c69e260894ae3618b915720636bb1a9a1eeecbf556834b52556cf=D\:\\CreateProject\\TinyML_Obstacle Detection\\Ai_Model\\obstacle_model.onnx
STMicroelectronics.X-CUBE-AI.10.0.0.ModelType-fb2fbbf6d10c69e260894ae3618b915720636bb1a9a1eeecbf556834b52556cf=STM32Cube.AI MCU runtime
STMicroelectronics.X-CUBE-AI.10.0.0.ReadyForCodeGeneration=true
STMicroelectronics.X-CUBE-AI.10.0.0.StackSize=0x2000
STMicroelectronics.X-CUBE-AI.10.0.0.WorkingBufferStartAddrList=0xFFFFFFFF
STMicroelectronics.X-CUBE-AI.10.0.0.XAaCUBEAaAICcArtificialOoIntelligenceJjCore=true
STMicroelectronics.X-CUBE-AI.10.0.0.copyWeightToRam-fb2fbbf6d10c69e260894ae3618b915720636bb1a9a1eeecbf556834b52556cf=false
STMicroelectronics.X-CUBE-AI.10.0.0.customLayerConfigEnabled-fb2fbbf6d10c69e260894ae3618b915720636bb1a9a1eeecbf556834b52556cf=false
STMicroelectronics.X-CUBE-AI.10.0.0.noOnnxIoTranspose-fb2fbbf6d10c69e260894ae3618b915720636bb1a9a1eeecbf556834b52556cf=false
STMicroelectronics.X-CUBE-AI.10.0.0.optimization-fb2fbbf6d10c69e260894ae3618b915720636bb1a9a1eeecbf556834b52556cf=ram
STMicroelectronics.X-CUBE-AI.10.0.0.useInputAllocation-fb2fbbf6d10c69e260894ae3618b915720636bb1a9a1eeecbf556834b52556cf=true
STMicroelectronics.X-CUBE-AI.10.0.0.useOutputAllocation-fb2fbbf6d10c69e260894ae3618b915720636bb1a9a1eeecbf556834b52556cf=true
STMicroelectronics.X-CUBE-AI.10.0.0_SwParameter=XAaCUBEAaAICcArtificialOoIntelligenceJjCore\:true;
USART2.BaudRate=9600
USART2.IPParameters=VirtualMode,BaudRate
USART2.VirtualMode=VM_ASYNC
VP_CRC_VS_CRC.Mode=CRC_Activate
VP_CRC_VS_CRC.Signal=CRC_VS_CRC
VP_STMicroelectronics.X-CUBE-AI_VS_ArtificialOoIntelligenceJjXAaCUBEAaAI_10.0.0.Mode=ArtificialOoIntelligenceJjXAaCUBEAaAI
VP_STMicroelectronics.X-CUBE-AI_VS_ArtificialOoIntelligenceJjXAaCUBEAaAI_10.0.0.Signal=STMicroelectronics.X-CUBE-AI_VS_ArtificialOoIntelligenceJjXAaCUBEAaAI_10.0.0
VP_SYS_VS_Systick.Mode=SysTick
VP_SYS_VS_Systick.Signal=SYS_VS_Systick
board=custom
